
Microsoft Visual Studio Solution File, Format Version 12.00
# Visual Studio Version 16
VisualStudioVersion = 16.0.29306.81
MinimumVisualStudioVersion = 10.0.40219.1
Project("{FAE04EC0-301F-11D3-BF4B-00C04F79EFBC}") = "ExamenWeb", "ExamenWeb\ExamenWeb.csproj", "{02E601B9-4E3D-4004-B238-F2E0F83E236D}"
EndProject
Global
	GlobalSection(SolutionConfigurationPlatforms) = preSolution
		Debug|Any CPU = Debug|Any CPU
		Release|Any CPU = Release|Any CPU
	EndGlobalSection
	GlobalSection(ProjectConfigurationPlatforms) = postSolution
		{02E601B9-4E3D-4004-B238-F2E0F83E236D}.Debug|Any CPU.ActiveCfg = Debug|Any CPU
		{02E601B9-4E3D-4004-B238-F2E0F83E236D}.Debug|Any CPU.Build.0 = Debug|Any CPU
		{02E601B9-4E3D-4004-B238-F2E0F83E236D}.Release|Any CPU.ActiveCfg = Release|Any CPU
		{02E601B9-4E3D-4004-B238-F2E0F83E236D}.Release|Any CPU.Build.0 = Release|Any CPU
	EndGlobalSection
	GlobalSection(SolutionProperties) = preSolution
		HideSolutionNode = FALSE
	EndGlobalSection
	GlobalSection(ExtensibilityGlobals) = postSolution
		SolutionGuid = {5EFEF473-3169-4432-830E-372AA53A421E}
	EndGlobalSection
EndGlobal
